
Microsoft Visual Studio Solution File, Format Version 12.00
# Visual Studio Version 17
VisualStudioVersion = 17.8.34525.116
MinimumVisualStudioVersion = 10.0.40219.1
Project("{FAE04EC0-301F-11D3-BF4B-00C04F79EFBC}") = "Tutorial1-Modifiers", "Tutorial1\Tutorial1-Modifiers.csproj", "{26ABE94B-16F3-41F7-952E-4F49BC5456D7}"
EndProject
Project("{FAE04EC0-301F-11D3-BF4B-00C04F79EFBC}") = "Tutorial2-Cards", "Tutorial2\Tutorial2-Cards.csproj", "{B97BA61B-5F4D-4C02-A13C-E74DDA7C3715}"
EndProject
Project("{FAE04EC0-301F-11D3-BF4B-00C04F79EFBC}") = "Tutorial3-Charms", "Tutorial3\Tutorial3-Charms.csproj", "{E8FED26C-3B67-41AF-9AB1-B6EAAC54B0AF}"
EndProject
Project("{FAE04EC0-301F-11D3-BF4B-00C04F79EFBC}") = "Tutorial4-Patching", "Tutorial4-Patching\Tutorial4-Patching.csproj", "{3D48AE4F-B02E-400B-A8C5-265B0C9468D0}"
EndProject
Project("{FAE04EC0-301F-11D3-BF4B-00C04F79EFBC}") = "Tutorial5-Classes", "Tutorial5-Classes\Tutorial5-Classes.csproj", "{354C8045-3FFE-47B2-9073-3FCDCB817269}"
EndProject
Project("{FAE04EC0-301F-11D3-BF4B-00C04F79EFBC}") = "Tutorial7-CampaignNodes", "Tutorial7-CampaignNodes\Tutorial7-CampaignNodes.csproj", "{8ADDD17B-2EC6-42F7-8A6C-02C39555FF90}"
EndProject
Project("{FAE04EC0-301F-11D3-BF4B-00C04F79EFBC}") = "CustomCardFrames", "CustomCardFrames\CustomCardFrames.csproj", "{52111E11-FA7E-4F8C-A4A6-8CF805B14659}"
EndProject
Global
	GlobalSection(SolutionConfigurationPlatforms) = preSolution
		Debug|Any CPU = Debug|Any CPU
		Release|Any CPU = Release|Any CPU
	EndGlobalSection
	GlobalSection(ProjectConfigurationPlatforms) = postSolution
		{26ABE94B-16F3-41F7-952E-4F49BC5456D7}.Debug|Any CPU.ActiveCfg = Debug|Any CPU
		{26ABE94B-16F3-41F7-952E-4F49BC5456D7}.Debug|Any CPU.Build.0 = Debug|Any CPU
		{26ABE94B-16F3-41F7-952E-4F49BC5456D7}.Release|Any CPU.ActiveCfg = Release|Any CPU
		{26ABE94B-16F3-41F7-952E-4F49BC5456D7}.Release|Any CPU.Build.0 = Release|Any CPU
		{B97BA61B-5F4D-4C02-A13C-E74DDA7C3715}.Debug|Any CPU.ActiveCfg = Debug|Any CPU
		{B97BA61B-5F4D-4C02-A13C-E74DDA7C3715}.Debug|Any CPU.Build.0 = Debug|Any CPU
		{B97BA61B-5F4D-4C02-A13C-E74DDA7C3715}.Release|Any CPU.ActiveCfg = Release|Any CPU
		{B97BA61B-5F4D-4C02-A13C-E74DDA7C3715}.Release|Any CPU.Build.0 = Release|Any CPU
		{E8FED26C-3B67-41AF-9AB1-B6EAAC54B0AF}.Debug|Any CPU.ActiveCfg = Debug|Any CPU
		{E8FED26C-3B67-41AF-9AB1-B6EAAC54B0AF}.Debug|Any CPU.Build.0 = Debug|Any CPU
		{E8FED26C-3B67-41AF-9AB1-B6EAAC54B0AF}.Release|Any CPU.ActiveCfg = Release|Any CPU
		{E8FED26C-3B67-41AF-9AB1-B6EAAC54B0AF}.Release|Any CPU.Build.0 = Release|Any CPU
		{3D48AE4F-B02E-400B-A8C5-265B0C9468D0}.Debug|Any CPU.ActiveCfg = Debug|Any CPU
		{3D48AE4F-B02E-400B-A8C5-265B0C9468D0}.Debug|Any CPU.Build.0 = Debug|Any CPU
		{3D48AE4F-B02E-400B-A8C5-265B0C9468D0}.Release|Any CPU.ActiveCfg = Release|Any CPU
		{3D48AE4F-B02E-400B-A8C5-265B0C9468D0}.Release|Any CPU.Build.0 = Release|Any CPU
		{354C8045-3FFE-47B2-9073-3FCDCB817269}.Debug|Any CPU.ActiveCfg = Debug|Any CPU
		{354C8045-3FFE-47B2-9073-3FCDCB817269}.Debug|Any CPU.Build.0 = Debug|Any CPU
		{354C8045-3FFE-47B2-9073-3FCDCB817269}.Release|Any CPU.ActiveCfg = Release|Any CPU
		{354C8045-3FFE-47B2-9073-3FCDCB817269}.Release|Any CPU.Build.0 = Release|Any CPU
		{8ADDD17B-2EC6-42F7-8A6C-02C39555FF90}.Debug|Any CPU.ActiveCfg = Debug|Any CPU
		{8ADDD17B-2EC6-42F7-8A6C-02C39555FF90}.Debug|Any CPU.Build.0 = Debug|Any CPU
		{8ADDD17B-2EC6-42F7-8A6C-02C39555FF90}.Release|Any CPU.ActiveCfg = Release|Any CPU
		{8ADDD17B-2EC6-42F7-8A6C-02C39555FF90}.Release|Any CPU.Build.0 = Release|Any CPU
		{52111E11-FA7E-4F8C-A4A6-8CF805B14659}.Debug|Any CPU.ActiveCfg = Debug|Any CPU
		{52111E11-FA7E-4F8C-A4A6-8CF805B14659}.Debug|Any CPU.Build.0 = Debug|Any CPU
		{52111E11-FA7E-4F8C-A4A6-8CF805B14659}.Release|Any CPU.ActiveCfg = Release|Any CPU
		{52111E11-FA7E-4F8C-A4A6-8CF805B14659}.Release|Any CPU.Build.0 = Release|Any CPU
	EndGlobalSection
	GlobalSection(SolutionProperties) = preSolution
		HideSolutionNode = FALSE
	EndGlobalSection
	GlobalSection(ExtensibilityGlobals) = postSolution
		SolutionGuid = {1648ECE0-C3C8-4F0D-9D78-D4E10F2EDEC4}
	EndGlobalSection
EndGlobal
